
Microsoft Visual Studio Solution File, Format Version 12.00
# Visual Studio Version 16
VisualStudioVersion = 16.0.30523.141
MinimumVisualStudioVersion = 10.0.40219.1
Project("{9A19103F-16F7-4668-BE54-9A1E7A4F7556}") = "NavigatingRovers.ConsoleApp", "NavigatingRovers.ConsoleApp\NavigatingRovers.ConsoleApp.csproj", "{009AABDA-B9EA-47D2-9E89-8DABBA9CE162}"
EndProject
Project("{FAE04EC0-301F-11D3-BF4B-00C04F79EFBC}") = "NavigatingRovers.Tests", "NavigatingRovers.Tests\NavigatingRovers.Tests.csproj", "{43A97FA3-69D6-4A9A-93FB-8FA19219C932}"
EndProject
Global
	GlobalSection(SolutionConfigurationPlatforms) = preSolution
		Debug|Any CPU = Debug|Any CPU
		Release|Any CPU = Release|Any CPU
	EndGlobalSection
	GlobalSection(ProjectConfigurationPlatforms) = postSolution
		{009AABDA-B9EA-47D2-9E89-8DABBA9CE162}.Debug|Any CPU.ActiveCfg = Debug|Any CPU
		{009AABDA-B9EA-47D2-9E89-8DABBA9CE162}.Debug|Any CPU.Build.0 = Debug|Any CPU
		{009AABDA-B9EA-47D2-9E89-8DABBA9CE162}.Release|Any CPU.ActiveCfg = Release|Any CPU
		{009AABDA-B9EA-47D2-9E89-8DABBA9CE162}.Release|Any CPU.Build.0 = Release|Any CPU
		{43A97FA3-69D6-4A9A-93FB-8FA19219C932}.Debug|Any CPU.ActiveCfg = Debug|Any CPU
		{43A97FA3-69D6-4A9A-93FB-8FA19219C932}.Debug|Any CPU.Build.0 = Debug|Any CPU
		{43A97FA3-69D6-4A9A-93FB-8FA19219C932}.Release|Any CPU.ActiveCfg = Release|Any CPU
		{43A97FA3-69D6-4A9A-93FB-8FA19219C932}.Release|Any CPU.Build.0 = Release|Any CPU
	EndGlobalSection
	GlobalSection(SolutionProperties) = preSolution
		HideSolutionNode = FALSE
	EndGlobalSection
	GlobalSection(ExtensibilityGlobals) = postSolution
		SolutionGuid = {9EB95E81-D967-40BD-BF68-9C83AEC7E72C}
	EndGlobalSection
EndGlobal
